// !$*UTF8*$!
{
	archiveVersion = 1;
	classes = {
	};
	objectVersion = 60;
	objects = {

/* Begin PBXBuildFile section */
		840E22B22BACDCB800B7B767 /* AppDelegate.swift in Sources */ = {isa = PBXBuildFile; fileRef = 840E22B12BACDCB800B7B767 /* AppDelegate.swift */; };
		840E22B42BACDCB800B7B767 /* SceneDelegate.swift in Sources */ = {isa = PBXBuildFile; fileRef = 840E22B32BACDCB800B7B767 /* SceneDelegate.swift */; };
		840E22B62BACDCB800B7B767 /* MainTabbarController.swift in Sources */ = {isa = PBXBuildFile; fileRef = 840E22B52BACDCB800B7B767 /* MainTabbarController.swift */; };
		840E22BB2BACDCB900B7B767 /* Assets.xcassets in Resources */ = {isa = PBXBuildFile; fileRef = 840E22BA2BACDCB900B7B767 /* Assets.xcassets */; };
		840E22BE2BACDCB900B7B767 /* LaunchScreen.storyboard in Resources */ = {isa = PBXBuildFile; fileRef = 840E22BC2BACDCB900B7B767 /* LaunchScreen.storyboard */; };
		840E22C82BACDF3800B7B767 /* HomeViewController.swift in Sources */ = {isa = PBXBuildFile; fileRef = 840E22C72BACDF3800B7B767 /* HomeViewController.swift */; };
		840E22CC2BACE07500B7B767 /* SearchViewController.swift in Sources */ = {isa = PBXBuildFile; fileRef = 840E22CB2BACE07500B7B767 /* SearchViewController.swift */; };
		840E22CF2BACE09100B7B767 /* NotificationViewController.swift in Sources */ = {isa = PBXBuildFile; fileRef = 840E22CE2BACE09100B7B767 /* NotificationViewController.swift */; };
		840E22D12BACE0A600B7B767 /* DirectMessageViewController.swift in Sources */ = {isa = PBXBuildFile; fileRef = 840E22D02BACE0A600B7B767 /* DirectMessageViewController.swift */; };
		840E22D42BACE52F00B7B767 /* TweetTableViewCell.swift in Sources */ = {isa = PBXBuildFile; fileRef = 840E22D32BACE52F00B7B767 /* TweetTableViewCell.swift */; };
		840E22D72BACEA2F00B7B767 /* SnapKit in Frameworks */ = {isa = PBXBuildFile; productRef = 840E22D62BACEA2F00B7B767 /* SnapKit */; };
		84F6B7B52BADAF2500F83CF3 /* ProfileViewController.swift in Sources */ = {isa = PBXBuildFile; fileRef = 84F6B7B42BADAF2500F83CF3 /* ProfileViewController.swift */; };
/* End PBXBuildFile section */

/* Begin PBXFileReference section */
		840E22AE2BACDCB800B7B767 /* twitterApp.app */ = {isa = PBXFileReference; explicitFileType = wrapper.application; includeInIndex = 0; path = twitterApp.app; sourceTree = BUILT_PRODUCTS_DIR; };
		840E22B12BACDCB800B7B767 /* AppDelegate.swift */ = {isa = PBXFileReference; lastKnownFileType = sourcecode.swift; path = AppDelegate.swift; sourceTree = "<group>"; };
		840E22B32BACDCB800B7B767 /* SceneDelegate.swift */ = {isa = PBXFileReference; lastKnownFileType = sourcecode.swift; path = SceneDelegate.swift; sourceTree = "<group>"; };
		840E22B52BACDCB800B7B767 /* MainTabbarController.swift */ = {isa = PBXFileReference; lastKnownFileType = sourcecode.swift; path = MainTabbarController.swift; sourceTree = "<group>"; };
		840E22BA2BACDCB900B7B767 /* Assets.xcassets */ = {isa = PBXFileReference; lastKnownFileType = folder.assetcatalog; path = Assets.xcassets; sourceTree = "<group>"; };
		840E22BD2BACDCB900B7B767 /* Base */ = {isa = PBXFileReference; lastKnownFileType = file.storyboard; name = Base; path = Base.lproj/LaunchScreen.storyboard; sourceTree = "<group>"; };
		840E22BF2BACDCB900B7B767 /* Info.plist */ = {isa = PBXFileReference; lastKnownFileType = text.plist.xml; path = Info.plist; sourceTree = "<group>"; };
		840E22C72BACDF3800B7B767 /* HomeViewController.swift */ = {isa = PBXFileReference; lastKnownFileType = sourcecode.swift; path = HomeViewController.swift; sourceTree = "<group>"; };
		840E22CB2BACE07500B7B767 /* SearchViewController.swift */ = {isa = PBXFileReference; lastKnownFileType = sourcecode.swift; path = SearchViewController.swift; sourceTree = "<group>"; };
		840E22CE2BACE09100B7B767 /* NotificationViewController.swift */ = {isa = PBXFileReference; lastKnownFileType = sourcecode.swift; path = NotificationViewController.swift; sourceTree = "<group>"; };
		840E22D02BACE0A600B7B767 /* DirectMessageViewController.swift */ = {isa = PBXFileReference; lastKnownFileType = sourcecode.swift; path = DirectMessageViewController.swift; sourceTree = "<group>"; };
		840E22D32BACE52F00B7B767 /* TweetTableViewCell.swift */ = {isa = PBXFileReference; lastKnownFileType = sourcecode.swift; path = TweetTableViewCell.swift; sourceTree = "<group>"; };
		84F6B7B42BADAF2500F83CF3 /* ProfileViewController.swift */ = {isa = PBXFileReference; lastKnownFileType = sourcecode.swift; path = ProfileViewController.swift; sourceTree = "<group>"; };
/* End PBXFileReference section */

/* Begin PBXFrameworksBuildPhase section */
		840E22AB2BACDCB800B7B767 /* Frameworks */ = {
			isa = PBXFrameworksBuildPhase;
			buildActionMask = 2147483647;
			files = (
				840E22D72BACEA2F00B7B767 /* SnapKit in Frameworks */,
			);
			runOnlyForDeploymentPostprocessing = 0;
		};
/* End PBXFrameworksBuildPhase section */

/* Begin PBXGroup section */
		840E22A52BACDCB800B7B767 = {
			isa = PBXGroup;
			children = (
				840E22B02BACDCB800B7B767 /* twitterApp */,
				840E22AF2BACDCB800B7B767 /* Products */,
			);
			sourceTree = "<group>";
		};
		840E22AF2BACDCB800B7B767 /* Products */ = {
			isa = PBXGroup;
			children = (
				840E22AE2BACDCB800B7B767 /* twitterApp.app */,
			);
			name = Products;
			sourceTree = "<group>";
		};
		840E22B02BACDCB800B7B767 /* twitterApp */ = {
			isa = PBXGroup;
			children = (
				840E22D22BACE51800B7B767 /* ViewCell */,
				840E22C52BACDF1900B7B767 /* Controllers */,
				840E22B12BACDCB800B7B767 /* AppDelegate.swift */,
				840E22B32BACDCB800B7B767 /* SceneDelegate.swift */,
				840E22BA2BACDCB900B7B767 /* Assets.xcassets */,
				840E22BC2BACDCB900B7B767 /* LaunchScreen.storyboard */,
				840E22BF2BACDCB900B7B767 /* Info.plist */,
			);
			path = twitterApp;
			sourceTree = "<group>";
		};
		840E22C52BACDF1900B7B767 /* Controllers */ = {
			isa = PBXGroup;
			children = (
				84F6B7B32BADAF1400F83CF3 /* General */,
				840E22C62BACDF1F00B7B767 /* Core */,
			);
			path = Controllers;
			sourceTree = "<group>";
		};
		840E22C62BACDF1F00B7B767 /* Core */ = {
			isa = PBXGroup;
			children = (
				840E22B52BACDCB800B7B767 /* MainTabbarController.swift */,
				840E22C72BACDF3800B7B767 /* HomeViewController.swift */,
				840E22CB2BACE07500B7B767 /* SearchViewController.swift */,
				840E22CE2BACE09100B7B767 /* NotificationViewController.swift */,
				840E22D02BACE0A600B7B767 /* DirectMessageViewController.swift */,
			);
			path = Core;
			sourceTree = "<group>";
		};
		840E22D22BACE51800B7B767 /* ViewCell */ = {
			isa = PBXGroup;
			children = (
				840E22D32BACE52F00B7B767 /* TweetTableViewCell.swift */,
			);
			path = ViewCell;
			sourceTree = "<group>";
		};
		84F6B7B32BADAF1400F83CF3 /* General */ = {
			isa = PBXGroup;
			children = (
				84F6B7B42BADAF2500F83CF3 /* ProfileViewController.swift */,
			);
			path = General;
			sourceTree = "<group>";
		};
/* End PBXGroup section */

/* Begin PBXNativeTarget section */
		840E22AD2BACDCB800B7B767 /* twitterApp */ = {
			isa = PBXNativeTarget;
			buildConfigurationList = 840E22C22BACDCB900B7B767 /* Build configuration list for PBXNativeTarget "twitterApp" */;
			buildPhases = (
				840E22AA2BACDCB800B7B767 /* Sources */,
				840E22AB2BACDCB800B7B767 /* Frameworks */,
				840E22AC2BACDCB800B7B767 /* Resources */,
			);
			buildRules = (
			);
			dependencies = (
			);
			name = twitterApp;
			packageProductDependencies = (
				840E22D62BACEA2F00B7B767 /* SnapKit */,
			);
			productName = twitterApp;
			productReference = 840E22AE2BACDCB800B7B767 /* twitterApp.app */;
			productType = "com.apple.product-type.application";
		};
/* End PBXNativeTarget section */

/* Begin PBXProject section */
		840E22A62BACDCB800B7B767 /* Project object */ = {
			isa = PBXProject;
			attributes = {
				BuildIndependentTargetsInParallel = 1;
				LastSwiftUpdateCheck = 1520;
				LastUpgradeCheck = 1520;
				TargetAttributes = {
					840E22AD2BACDCB800B7B767 = {
						CreatedOnToolsVersion = 15.2;
					};
				};
			};
			buildConfigurationList = 840E22A92BACDCB800B7B767 /* Build configuration list for PBXProject "twitterApp" */;
			compatibilityVersion = "Xcode 15.0";
			developmentRegion = en;
			hasScannedForEncodings = 0;
			knownRegions = (
				en,
				Base,
			);
			mainGroup = 840E22A52BACDCB800B7B767;
			packageReferences = (
				840E22D52BACEA2F00B7B767 /* XCRemoteSwiftPackageReference "SnapKit" */,
			);
			productRefGroup = 840E22AF2BACDCB800B7B767 /* Products */;
			projectDirPath = "";
			projectRoot = "";
			targets = (
				840E22AD2BACDCB800B7B767 /* twitterApp */,
			);
		};
/* End PBXProject section */

/* Begin PBXResourcesBuildPhase section */
		840E22AC2BACDCB800B7B767 /* Resources */ = {
			isa = PBXResourcesBuildPhase;
			buildActionMask = 2147483647;
			files = (
				840E22BE2BACDCB900B7B767 /* LaunchScreen.storyboard in Resources */,
				840E22BB2BACDCB900B7B767 /* Assets.xcassets in Resources */,
			);
			runOnlyForDeploymentPostprocessing = 0;
		};
/* End PBXResourcesBuildPhase section */

/* Begin PBXSourcesBuildPhase section */
		840E22AA2BACDCB800B7B767 /* Sources */ = {
			isa = PBXSourcesBuildPhase;
			buildActionMask = 2147483647;
			files = (
				840E22CC2BACE07500B7B767 /* SearchViewController.swift in Sources */,
				840E22B62BACDCB800B7B767 /* MainTabbarController.swift in Sources */,
				840E22CF2BACE09100B7B767 /* NotificationViewController.swift in Sources */,
				840E22B22BACDCB800B7B767 /* AppDelegate.swift in Sources */,
				840E22D12BACE0A600B7B767 /* DirectMessageViewController.swift in Sources */,
				840E22B42BACDCB800B7B767 /* SceneDelegate.swift in Sources */,
				84F6B7B52BADAF2500F83CF3 /* ProfileViewController.swift in Sources */,
				840E22C82BACDF3800B7B767 /* HomeViewController.swift in Sources */,
				840E22D42BACE52F00B7B767 /* TweetTableViewCell.swift in Sources */,
			);
			runOnlyForDeploymentPostprocessing = 0;
		};
/* End PBXSourcesBuildPhase section */

/* Begin PBXVariantGroup section */
		840E22BC2BACDCB900B7B767 /* LaunchScreen.storyboard */ = {
			isa = PBXVariantGroup;
			children = (
				840E22BD2BACDCB900B7B767 /* Base */,
			);
			name = LaunchScreen.storyboard;
			sourceTree = "<group>";
		};
/* End PBXVariantGroup section */

/* Begin XCBuildConfiguration section */
		840E22C02BACDCB900B7B767 /* Debug */ = {
			isa = XCBuildConfiguration;
			buildSettings = {
				ALWAYS_SEARCH_USER_PATHS = NO;
				ASSETCATALOG_COMPILER_GENERATE_SWIFT_ASSET_SYMBOL_EXTENSIONS = YES;
				CLANG_ANALYZER_NONNULL = YES;
				CLANG_ANALYZER_NUMBER_OBJECT_CONVERSION = YES_AGGRESSIVE;
				CLANG_CXX_LANGUAGE_STANDARD = "gnu++20";
				CLANG_ENABLE_MODULES = YES;
				CLANG_ENABLE_OBJC_ARC = YES;
				CLANG_ENABLE_OBJC_WEAK = YES;
				CLANG_WARN_BLOCK_CAPTURE_AUTORELEASING = YES;
				CLANG_WARN_BOOL_CONVERSION = YES;
				CLANG_WARN_COMMA = YES;
				CLANG_WARN_CONSTANT_CONVERSION = YES;
				CLANG_WARN_DEPRECATED_OBJC_IMPLEMENTATIONS = YES;
				CLANG_WARN_DIRECT_OBJC_ISA_USAGE = YES_ERROR;
				CLANG_WARN_DOCUMENTATION_COMMENTS = YES;
				CLANG_WARN_EMPTY_BODY = YES;
				CLANG_WARN_ENUM_CONVERSION = YES;
				CLANG_WARN_INFINITE_RECURSION = YES;
				CLANG_WARN_INT_CONVERSION = YES;
				CLANG_WARN_NON_LITERAL_NULL_CONVERSION = YES;
				CLANG_WARN_OBJC_IMPLICIT_RETAIN_SELF = YES;
				CLANG_WARN_OBJC_LITERAL_CONVERSION = YES;
				CLANG_WARN_OBJC_ROOT_CLASS = YES_ERROR;
				CLANG_WARN_QUOTED_INCLUDE_IN_FRAMEWORK_HEADER = YES;
				CLANG_WARN_RANGE_LOOP_ANALYSIS = YES;
				CLANG_WARN_STRICT_PROTOTYPES = YES;
				CLANG_WARN_SUSPICIOUS_MOVE = YES;
				CLANG_WARN_UNGUARDED_AVAILABILITY = YES_AGGRESSIVE;
				CLANG_WARN_UNREACHABLE_CODE = YES;
				CLANG_WARN__DUPLICATE_METHOD_MATCH = YES;
				COPY_PHASE_STRIP = NO;
				DEBUG_INFORMATION_FORMAT = dwarf;
				ENABLE_STRICT_OBJC_MSGSEND = YES;
				ENABLE_TESTABILITY = YES;
				ENABLE_USER_SCRIPT_SANDBOXING = YES;
				GCC_C_LANGUAGE_STANDARD = gnu17;
				GCC_DYNAMIC_NO_PIC = NO;
				GCC_NO_COMMON_BLOCKS = YES;
				GCC_OPTIMIZATION_LEVEL = 0;
				GCC_PREPROCESSOR_DEFINITIONS = (
					"DEBUG=1",
					"$(inherited)",
				);
				GCC_WARN_64_TO_32_BIT_CONVERSION = YES;
				GCC_WARN_ABOUT_RETURN_TYPE = YES_ERROR;
				GCC_WARN_UNDECLARED_SELECTOR = YES;
				GCC_WARN_UNINITIALIZED_AUTOS = YES_AGGRESSIVE;
				GCC_WARN_UNUSED_FUNCTION = YES;
				GCC_WARN_UNUSED_VARIABLE = YES;
				IPHONEOS_DEPLOYMENT_TARGET = 17.2;
				LOCALIZATION_PREFERS_STRING_CATALOGS = YES;
				MTL_ENABLE_DEBUG_INFO = INCLUDE_SOURCE;
				MTL_FAST_MATH = YES;
				ONLY_ACTIVE_ARCH = YES;
				SDKROOT = iphoneos;
				SWIFT_ACTIVE_COMPILATION_CONDITIONS = "DEBUG $(inherited)";
				SWIFT_OPTIMIZATION_LEVEL = "-Onone";
			};
			name = Debug;
		};
		840E22C12BACDCB900B7B767 /* Release */ = {
			isa = XCBuildConfiguration;
			buildSettings = {
				ALWAYS_SEARCH_USER_PATHS = NO;
				ASSETCATALOG_COMPILER_GENERATE_SWIFT_ASSET_SYMBOL_EXTENSIONS = YES;
				CLANG_ANALYZER_NONNULL = YES;
				CLANG_ANALYZER_NUMBER_OBJECT_CONVERSION = YES_AGGRESSIVE;
				CLANG_CXX_LANGUAGE_STANDARD = "gnu++20";
				CLANG_ENABLE_MODULES = YES;
				CLANG_ENABLE_OBJC_ARC = YES;
				CLANG_ENABLE_OBJC_WEAK = YES;
				CLANG_WARN_BLOCK_CAPTURE_AUTORELEASING = YES;
				CLANG_WARN_BOOL_CONVERSION = YES;
				CLANG_WARN_COMMA = YES;
				CLANG_WARN_CONSTANT_CONVERSION = YES;
				CLANG_WARN_DEPRECATED_OBJC_IMPLEMENTATIONS = YES;
				CLANG_WARN_DIRECT_OBJC_ISA_USAGE = YES_ERROR;
				CLANG_WARN_DOCUMENTATION_COMMENTS = YES;
				CLANG_WARN_EMPTY_BODY = YES;
				CLANG_WARN_ENUM_CONVERSION = YES;
				CLANG_WARN_INFINITE_RECURSION = YES;
				CLANG_WARN_INT_CONVERSION = YES;
				CLANG_WARN_NON_LITERAL_NULL_CONVERSION = YES;
				CLANG_WARN_OBJC_IMPLICIT_RETAIN_SELF = YES;
				CLANG_WARN_OBJC_LITERAL_CONVERSION = YES;
				CLANG_WARN_OBJC_ROOT_CLASS = YES_ERROR;
				CLANG_WARN_QUOTED_INCLUDE_IN_FRAMEWORK_HEADER = YES;
				CLANG_WARN_RANGE_LOOP_ANALYSIS = YES;
				CLANG_WARN_STRICT_PROTOTYPES = YES;
				CLANG_WARN_SUSPICIOUS_MOVE = YES;
				CLANG_WARN_UNGUARDED_AVAILABILITY = YES_AGGRESSIVE;
				CLANG_WARN_UNREACHABLE_CODE = YES;
				CLANG_WARN__DUPLICATE_METHOD_MATCH = YES;
				COPY_PHASE_STRIP = NO;
				DEBUG_INFORMATION_FORMAT = "dwarf-with-dsym";
				ENABLE_NS_ASSERTIONS = NO;
				ENABLE_STRICT_OBJC_MSGSEND = YES;
				ENABLE_USER_SCRIPT_SANDBOXING = YES;
				GCC_C_LANGUAGE_STANDARD = gnu17;
				GCC_NO_COMMON_BLOCKS = YES;
				GCC_WARN_64_TO_32_BIT_CONVERSION = YES;
				GCC_WARN_ABOUT_RETURN_TYPE = YES_ERROR;
				GCC_WARN_UNDECLARED_SELECTOR = YES;
				GCC_WARN_UNINITIALIZED_AUTOS = YES_AGGRESSIVE;
				GCC_WARN_UNUSED_FUNCTION = YES;
				GCC_WARN_UNUSED_VARIABLE = YES;
				IPHONEOS_DEPLOYMENT_TARGET = 17.2;
				LOCALIZATION_PREFERS_STRING_CATALOGS = YES;
				MTL_ENABLE_DEBUG_INFO = NO;
				MTL_FAST_MATH = YES;
				SDKROOT = iphoneos;
				SWIFT_COMPILATION_MODE = wholemodule;
				VALIDATE_PRODUCT = YES;
			};
			name = Release;
		};
		840E22C32BACDCB900B7B767 /* Debug */ = {
			isa = XCBuildConfiguration;
			buildSettings = {
				ASSETCATALOG_COMPILER_APPICON_NAME = AppIcon;
				ASSETCATALOG_COMPILER_GLOBAL_ACCENT_COLOR_NAME = AccentColor;
				CODE_SIGN_STYLE = Automatic;
				CURRENT_PROJECT_VERSION = 1;
				DEVELOPMENT_TEAM = CFBPBU763M;
				GENERATE_INFOPLIST_FILE = YES;
				INFOPLIST_FILE = twitterApp/Info.plist;
				INFOPLIST_KEY_UIApplicationSupportsIndirectInputEvents = YES;
				INFOPLIST_KEY_UILaunchStoryboardName = LaunchScreen;
				INFOPLIST_KEY_UISupportedInterfaceOrientations_iPad = "UIInterfaceOrientationPortrait UIInterfaceOrientationPortraitUpsideDown UIInterfaceOrientationLandscapeLeft UIInterfaceOrientationLandscapeRight";
				INFOPLIST_KEY_UISupportedInterfaceOrientations_iPhone = "UIInterfaceOrientationPortrait UIInterfaceOrientationLandscapeLeft UIInterfaceOrientationLandscapeRight";
				IPHONEOS_DEPLOYMENT_TARGET = 17.0;
				LD_RUNPATH_SEARCH_PATHS = (
					"$(inherited)",
					"@executable_path/Frameworks",
				);
				MARKETING_VERSION = 1.0;
				PRODUCT_BUNDLE_IDENTIFIER = com.softrestart.twitterApp;
				PRODUCT_NAME = "$(TARGET_NAME)";
				SUPPORTED_PLATFORMS = "iphoneos iphonesimulator";
				SUPPORTS_MACCATALYST = NO;
				SUPPORTS_MAC_DESIGNED_FOR_IPHONE_IPAD = NO;
				SUPPORTS_XR_DESIGNED_FOR_IPHONE_IPAD = NO;
				SWIFT_EMIT_LOC_STRINGS = YES;
				SWIFT_VERSION = 5.0;
				TARGETED_DEVICE_FAMILY = 1;
			};
			name = Debug;
		};
		840E22C42BACDCB900B7B767 /* Release */ = {
			isa = XCBuildConfiguration;
			buildSettings = {
				ASSETCATALOG_COMPILER_APPICON_NAME = AppIcon;
				ASSETCATALOG_COMPILER_GLOBAL_ACCENT_COLOR_NAME = AccentColor;
				CODE_SIGN_STYLE = Automatic;
				CURRENT_PROJECT_VERSION = 1;
				DEVELOPMENT_TEAM = CFBPBU763M;
				GENERATE_INFOPLIST_FILE = YES;
				INFOPLIST_FILE = twitterApp/Info.plist;
				INFOPLIST_KEY_UIApplicationSupportsIndirectInputEvents = YES;
				INFOPLIST_KEY_UILaunchStoryboardName = LaunchScreen;
				INFOPLIST_KEY_UISupportedInterfaceOrientations_iPad = "UIInterfaceOrientationPortrait UIInterfaceOrientationPortraitUpsideDown UIInterfaceOrientationLandscapeLeft UIInterfaceOrientationLandscapeRight";
				INFOPLIST_KEY_UISupportedInterfaceOrientations_iPhone = "UIInterfaceOrientationPortrait UIInterfaceOrientationLandscapeLeft UIInterfaceOrientationLandscapeRight";
				IPHONEOS_DEPLOYMENT_TARGET = 17.0;
				LD_RUNPATH_SEARCH_PATHS = (
					"$(inherited)",
					"@executable_path/Frameworks",
				);
				MARKETING_VERSION = 1.0;
				PRODUCT_BUNDLE_IDENTIFIER = com.softrestart.twitterApp;
				PRODUCT_NAME = "$(TARGET_NAME)";
				SUPPORTED_PLATFORMS = "iphoneos iphonesimulator";
				SUPPORTS_MACCATALYST = NO;
				SUPPORTS_MAC_DESIGNED_FOR_IPHONE_IPAD = NO;
				SUPPORTS_XR_DESIGNED_FOR_IPHONE_IPAD = NO;
				SWIFT_EMIT_LOC_STRINGS = YES;
				SWIFT_VERSION = 5.0;
				TARGETED_DEVICE_FAMILY = 1;
			};
			name = Release;
		};
/* End XCBuildConfiguration section */

/* Begin XCConfigurationList section */
		840E22A92BACDCB800B7B767 /* Build configuration list for PBXProject "twitterApp" */ = {
			isa = XCConfigurationList;
			buildConfigurations = (
				840E22C02BACDCB900B7B767 /* Debug */,
				840E22C12BACDCB900B7B767 /* Release */,
			);
			defaultConfigurationIsVisible = 0;
			defaultConfigurationName = Release;
		};
		840E22C22BACDCB900B7B767 /* Build configuration list for PBXNativeTarget "twitterApp" */ = {
			isa = XCConfigurationList;
			buildConfigurations = (
				840E22C32BACDCB900B7B767 /* Debug */,
				840E22C42BACDCB900B7B767 /* Release */,
			);
			defaultConfigurationIsVisible = 0;
			defaultConfigurationName = Release;
		};
/* End XCConfigurationList section */

/* Begin XCRemoteSwiftPackageReference section */
		840E22D52BACEA2F00B7B767 /* XCRemoteSwiftPackageReference "SnapKit" */ = {
			isa = XCRemoteSwiftPackageReference;
			repositoryURL = "https://github.com/SnapKit/SnapKit.git";
			requirement = {
				kind = upToNextMajorVersion;
				minimumVersion = 5.7.1;
			};
		};
/* End XCRemoteSwiftPackageReference section */

/* Begin XCSwiftPackageProductDependency section */
		840E22D62BACEA2F00B7B767 /* SnapKit */ = {
			isa = XCSwiftPackageProductDependency;
			package = 840E22D52BACEA2F00B7B767 /* XCRemoteSwiftPackageReference "SnapKit" */;
			productName = SnapKit;
		};
/* End XCSwiftPackageProductDependency section */
	};
	rootObject = 840E22A62BACDCB800B7B767 /* Project object */;
}
